// !$*UTF8*$!
{
	archiveVersion = 1;
	classes = {
	};
	objectVersion = 50;
	objects = {

/* Begin PBXBuildFile section */
		D29908A626982B4600A54326 /* Tests_iOS.swift in Sources */ = {isa = PBXBuildFile; fileRef = D29908A526982B4600A54326 /* Tests_iOS.swift */; };
		D29908B126982B4600A54326 /* Tests_macOS.swift in Sources */ = {isa = PBXBuildFile; fileRef = D29908B026982B4600A54326 /* Tests_macOS.swift */; };
		D29908B326982B4600A54326 /* DrinkWaterDemoApp.swift in Sources */ = {isa = PBXBuildFile; fileRef = D299088A26982B4500A54326 /* DrinkWaterDemoApp.swift */; };
		D29908B426982B4600A54326 /* DrinkWaterDemoApp.swift in Sources */ = {isa = PBXBuildFile; fileRef = D299088A26982B4500A54326 /* DrinkWaterDemoApp.swift */; };
		D29908B526982B4600A54326 /* ContentView.swift in Sources */ = {isa = PBXBuildFile; fileRef = D299088B26982B4500A54326 /* ContentView.swift */; };
		D29908B626982B4600A54326 /* ContentView.swift in Sources */ = {isa = PBXBuildFile; fileRef = D299088B26982B4500A54326 /* ContentView.swift */; };
		D29908B726982B4600A54326 /* Assets.xcassets in Resources */ = {isa = PBXBuildFile; fileRef = D299088C26982B4600A54326 /* Assets.xcassets */; };
		D29908B826982B4600A54326 /* Assets.xcassets in Resources */ = {isa = PBXBuildFile; fileRef = D299088C26982B4600A54326 /* Assets.xcassets */; };
/* End PBXBuildFile section */

/* Begin PBXContainerItemProxy section */
		D29908A226982B4600A54326 /* PBXContainerItemProxy */ = {
			isa = PBXContainerItemProxy;
			containerPortal = D299088526982B4500A54326 /* Project object */;
			proxyType = 1;
			remoteGlobalIDString = D299089026982B4600A54326;
			remoteInfo = "DrinkWaterDemo (iOS)";
		};
		D29908AD26982B4600A54326 /* PBXContainerItemProxy */ = {
			isa = PBXContainerItemProxy;
			containerPortal = D299088526982B4500A54326 /* Project object */;
			proxyType = 1;
			remoteGlobalIDString = D299089826982B4600A54326;
			remoteInfo = "DrinkWaterDemo (macOS)";
		};
/* End PBXContainerItemProxy section */

/* Begin PBXFileReference section */
		D299088A26982B4500A54326 /* DrinkWaterDemoApp.swift */ = {isa = PBXFileReference; lastKnownFileType = sourcecode.swift; path = DrinkWaterDemoApp.swift; sourceTree = "<group>"; };
		D299088B26982B4500A54326 /* ContentView.swift */ = {isa = PBXFileReference; lastKnownFileType = sourcecode.swift; path = ContentView.swift; sourceTree = "<group>"; };
		D299088C26982B4600A54326 /* Assets.xcassets */ = {isa = PBXFileReference; lastKnownFileType = folder.assetcatalog; path = Assets.xcassets; sourceTree = "<group>"; };
		D299089126982B4600A54326 /* DrinkWaterDemo.app */ = {isa = PBXFileReference; explicitFileType = wrapper.application; includeInIndex = 0; path = DrinkWaterDemo.app; sourceTree = BUILT_PRODUCTS_DIR; };
		D299089426982B4600A54326 /* Info.plist */ = {isa = PBXFileReference; lastKnownFileType = text.plist.xml; path = Info.plist; sourceTree = "<group>"; };
		D299089926982B4600A54326 /* DrinkWaterDemo.app */ = {isa = PBXFileReference; explicitFileType = wrapper.application; includeInIndex = 0; path = DrinkWaterDemo.app; sourceTree = BUILT_PRODUCTS_DIR; };
		D299089B26982B4600A54326 /* Info.plist */ = {isa = PBXFileReference; lastKnownFileType = text.plist.xml; path = Info.plist; sourceTree = "<group>"; };
		D299089C26982B4600A54326 /* macOS.entitlements */ = {isa = PBXFileReference; lastKnownFileType = text.plist.entitlements; path = macOS.entitlements; sourceTree = "<group>"; };
		D29908A126982B4600A54326 /* Tests iOS.xctest */ = {isa = PBXFileReference; explicitFileType = wrapper.cfbundle; includeInIndex = 0; path = "Tests iOS.xctest"; sourceTree = BUILT_PRODUCTS_DIR; };
		D29908A526982B4600A54326 /* Tests_iOS.swift */ = {isa = PBXFileReference; lastKnownFileType = sourcecode.swift; path = Tests_iOS.swift; sourceTree = "<group>"; };
		D29908A726982B4600A54326 /* Info.plist */ = {isa = PBXFileReference; lastKnownFileType = text.plist.xml; path = Info.plist; sourceTree = "<group>"; };
		D29908AC26982B4600A54326 /* Tests macOS.xctest */ = {isa = PBXFileReference; explicitFileType = wrapper.cfbundle; includeInIndex = 0; path = "Tests macOS.xctest"; sourceTree = BUILT_PRODUCTS_DIR; };
		D29908B026982B4600A54326 /* Tests_macOS.swift */ = {isa = PBXFileReference; lastKnownFileType = sourcecode.swift; path = Tests_macOS.swift; sourceTree = "<group>"; };
		D29908B226982B4600A54326 /* Info.plist */ = {isa = PBXFileReference; lastKnownFileType = text.plist.xml; path = Info.plist; sourceTree = "<group>"; };
/* End PBXFileReference section */

/* Begin PBXFrameworksBuildPhase section */
		D299088E26982B4600A54326 /* Frameworks */ = {
			isa = PBXFrameworksBuildPhase;
			buildActionMask = 2147483647;
			files = (
			);
			runOnlyForDeploymentPostprocessing = 0;
		};
		D299089626982B4600A54326 /* Frameworks */ = {
			isa = PBXFrameworksBuildPhase;
			buildActionMask = 2147483647;
			files = (
			);
			runOnlyForDeploymentPostprocessing = 0;
		};
		D299089E26982B4600A54326 /* Frameworks */ = {
			isa = PBXFrameworksBuildPhase;
			buildActionMask = 2147483647;
			files = (
			);
			runOnlyForDeploymentPostprocessing = 0;
		};
		D29908A926982B4600A54326 /* Frameworks */ = {
			isa = PBXFrameworksBuildPhase;
			buildActionMask = 2147483647;
			files = (
			);
			runOnlyForDeploymentPostprocessing = 0;
		};
/* End PBXFrameworksBuildPhase section */

/* Begin PBXGroup section */
		D299088426982B4500A54326 = {
			isa = PBXGroup;
			children = (
				D299088926982B4500A54326 /* Shared */,
				D299089326982B4600A54326 /* iOS */,
				D299089A26982B4600A54326 /* macOS */,
				D29908A426982B4600A54326 /* Tests iOS */,
				D29908AF26982B4600A54326 /* Tests macOS */,
				D299089226982B4600A54326 /* Products */,
			);
			sourceTree = "<group>";
		};
		D299088926982B4500A54326 /* Shared */ = {
			isa = PBXGroup;
			children = (
				D299088A26982B4500A54326 /* DrinkWaterDemoApp.swift */,
				D299088B26982B4500A54326 /* ContentView.swift */,
				D299088C26982B4600A54326 /* Assets.xcassets */,
			);
			path = Shared;
			sourceTree = "<group>";
		};
		D299089226982B4600A54326 /* Products */ = {
			isa = PBXGroup;
			children = (
				D299089126982B4600A54326 /* DrinkWaterDemo.app */,
				D299089926982B4600A54326 /* DrinkWaterDemo.app */,
				D29908A126982B4600A54326 /* Tests iOS.xctest */,
				D29908AC26982B4600A54326 /* Tests macOS.xctest */,
			);
			name = Products;
			sourceTree = "<group>";
		};
		D299089326982B4600A54326 /* iOS */ = {
			isa = PBXGroup;
			children = (
				D299089426982B4600A54326 /* Info.plist */,
			);
			path = iOS;
			sourceTree = "<group>";
		};
		D299089A26982B4600A54326 /* macOS */ = {
			isa = PBXGroup;
			children = (
				D299089B26982B4600A54326 /* Info.plist */,
				D299089C26982B4600A54326 /* macOS.entitlements */,
			);
			path = macOS;
			sourceTree = "<group>";
		};
		D29908A426982B4600A54326 /* Tests iOS */ = {
			isa = PBXGroup;
			children = (
				D29908A526982B4600A54326 /* Tests_iOS.swift */,
				D29908A726982B4600A54326 /* Info.plist */,
			);
			path = "Tests iOS";
			sourceTree = "<group>";
		};
		D29908AF26982B4600A54326 /* Tests macOS */ = {
			isa = PBXGroup;
			children = (
				D29908B026982B4600A54326 /* Tests_macOS.swift */,
				D29908B226982B4600A54326 /* Info.plist */,
			);
			path = "Tests macOS";
			sourceTree = "<group>";
		};
/* End PBXGroup section */

/* Begin PBXNativeTarget section */
		D299089026982B4600A54326 /* DrinkWaterDemo (iOS) */ = {
			isa = PBXNativeTarget;
			buildConfigurationList = D29908BB26982B4600A54326 /* Build configuration list for PBXNativeTarget "DrinkWaterDemo (iOS)" */;
			buildPhases = (
				D299088D26982B4600A54326 /* Sources */,
				D299088E26982B4600A54326 /* Frameworks */,
				D299088F26982B4600A54326 /* Resources */,
			);
			buildRules = (
			);
			dependencies = (
			);
			name = "DrinkWaterDemo (iOS)";
			productName = "DrinkWaterDemo (iOS)";
			productReference = D299089126982B4600A54326 /* DrinkWaterDemo.app */;
			productType = "com.apple.product-type.application";
		};
		D299089826982B4600A54326 /* DrinkWaterDemo (macOS) */ = {
			isa = PBXNativeTarget;
			buildConfigurationList = D29908BE26982B4600A54326 /* Build configuration list for PBXNativeTarget "DrinkWaterDemo (macOS)" */;
			buildPhases = (
				D299089526982B4600A54326 /* Sources */,
				D299089626982B4600A54326 /* Frameworks */,
				D299089726982B4600A54326 /* Resources */,
			);
			buildRules = (
			);
			dependencies = (
			);
			name = "DrinkWaterDemo (macOS)";
			productName = "DrinkWaterDemo (macOS)";
			productReference = D299089926982B4600A54326 /* DrinkWaterDemo.app */;
			productType = "com.apple.product-type.application";
		};
		D29908A026982B4600A54326 /* Tests iOS */ = {
			isa = PBXNativeTarget;
			buildConfigurationList = D29908C126982B4600A54326 /* Build configuration list for PBXNativeTarget "Tests iOS" */;
			buildPhases = (
				D299089D26982B4600A54326 /* Sources */,
				D299089E26982B4600A54326 /* Frameworks */,
				D299089F26982B4600A54326 /* Resources */,
			);
			buildRules = (
			);
			dependencies = (
				D29908A326982B4600A54326 /* PBXTargetDependency */,
			);
			name = "Tests iOS";
			productName = "Tests iOS";
			productReference = D29908A126982B4600A54326 /* Tests iOS.xctest */;
			productType = "com.apple.product-type.bundle.ui-testing";
		};
		D29908AB26982B4600A54326 /* Tests macOS */ = {
			isa = PBXNativeTarget;
			buildConfigurationList = D29908C426982B4600A54326 /* Build configuration list for PBXNativeTarget "Tests macOS" */;
			buildPhases = (
				D29908A826982B4600A54326 /* Sources */,
				D29908A926982B4600A54326 /* Frameworks */,
				D29908AA26982B4600A54326 /* Resources */,
			);
			buildRules = (
			);
			dependencies = (
				D29908AE26982B4600A54326 /* PBXTargetDependency */,
			);
			name = "Tests macOS";
			productName = "Tests macOS";
			productReference = D29908AC26982B4600A54326 /* Tests macOS.xctest */;
			productType = "com.apple.product-type.bundle.ui-testing";
		};
/* End PBXNativeTarget section */

/* Begin PBXProject section */
		D299088526982B4500A54326 /* Project object */ = {
			isa = PBXProject;
			attributes = {
				LastSwiftUpdateCheck = 1250;
				LastUpgradeCheck = 1250;
				TargetAttributes = {
					D299089026982B4600A54326 = {
						CreatedOnToolsVersion = 12.5;
					};
					D299089826982B4600A54326 = {
						CreatedOnToolsVersion = 12.5;
					};
					D29908A026982B4600A54326 = {
						CreatedOnToolsVersion = 12.5;
						TestTargetID = D299089026982B4600A54326;
					};
					D29908AB26982B4600A54326 = {
						CreatedOnToolsVersion = 12.5;
						TestTargetID = D299089826982B4600A54326;
					};
				};
			};
			buildConfigurationList = D299088826982B4500A54326 /* Build configuration list for PBXProject "DrinkWaterDemo" */;
			compatibilityVersion = "Xcode 9.3";
			developmentRegion = en;
			hasScannedForEncodings = 0;
			knownRegions = (
				en,
				Base,
			);
			mainGroup = D299088426982B4500A54326;
			productRefGroup = D299089226982B4600A54326 /* Products */;
			projectDirPath = "";
			projectRoot = "";
			targets = (
				D299089026982B4600A54326 /* DrinkWaterDemo (iOS) */,
				D299089826982B4600A54326 /* DrinkWaterDemo (macOS) */,
				D29908A026982B4600A54326 /* Tests iOS */,
				D29908AB26982B4600A54326 /* Tests macOS */,
			);
		};
/* End PBXProject section */

/* Begin PBXResourcesBuildPhase section */
		D299088F26982B4600A54326 /* Resources */ = {
			isa = PBXResourcesBuildPhase;
			buildActionMask = 2147483647;
			files = (
				D29908B726982B4600A54326 /* Assets.xcassets in Resources */,
			);
			runOnlyForDeploymentPostprocessing = 0;
		};
		D299089726982B4600A54326 /* Resources */ = {
			isa = PBXResourcesBuildPhase;
			buildActionMask = 2147483647;
			files = (
				D29908B826982B4600A54326 /* Assets.xcassets in Resources */,
			);
			runOnlyForDeploymentPostprocessing = 0;
		};
		D299089F26982B4600A54326 /* Resources */ = {
			isa = PBXResourcesBuildPhase;
			buildActionMask = 2147483647;
			files = (
			);
			runOnlyForDeploymentPostprocessing = 0;
		};
		D29908AA26982B4600A54326 /* Resources */ = {
			isa = PBXResourcesBuildPhase;
			buildActionMask = 2147483647;
			files = (
			);
			runOnlyForDeploymentPostprocessing = 0;
		};
/* End PBXResourcesBuildPhase section */

/* Begin PBXSourcesBuildPhase section */
		D299088D26982B4600A54326 /* Sources */ = {
			isa = PBXSourcesBuildPhase;
			buildActionMask = 2147483647;
			files = (
				D29908B526982B4600A54326 /* ContentView.swift in Sources */,
				D29908B326982B4600A54326 /* DrinkWaterDemoApp.swift in Sources */,
			);
			runOnlyForDeploymentPostprocessing = 0;
		};
		D299089526982B4600A54326 /* Sources */ = {
			isa = PBXSourcesBuildPhase;
			buildActionMask = 2147483647;
			files = (
				D29908B626982B4600A54326 /* ContentView.swift in Sources */,
				D29908B426982B4600A54326 /* DrinkWaterDemoApp.swift in Sources */,
			);
			runOnlyForDeploymentPostprocessing = 0;
		};
		D299089D26982B4600A54326 /* Sources */ = {
			isa = PBXSourcesBuildPhase;
			buildActionMask = 2147483647;
			files = (
				D29908A626982B4600A54326 /* Tests_iOS.swift in Sources */,
			);
			runOnlyForDeploymentPostprocessing = 0;
		};
		D29908A826982B4600A54326 /* Sources */ = {
			isa = PBXSourcesBuildPhase;
			buildActionMask = 2147483647;
			files = (
				D29908B126982B4600A54326 /* Tests_macOS.swift in Sources */,
			);
			runOnlyForDeploymentPostprocessing = 0;
		};
/* End PBXSourcesBuildPhase section */

/* Begin PBXTargetDependency section */
		D29908A326982B4600A54326 /* PBXTargetDependency */ = {
			isa = PBXTargetDependency;
			target = D299089026982B4600A54326 /* DrinkWaterDemo (iOS) */;
			targetProxy = D29908A226982B4600A54326 /* PBXContainerItemProxy */;
		};
		D29908AE26982B4600A54326 /* PBXTargetDependency */ = {
			isa = PBXTargetDependency;
			target = D299089826982B4600A54326 /* DrinkWaterDemo (macOS) */;
			targetProxy = D29908AD26982B4600A54326 /* PBXContainerItemProxy */;
		};
/* End PBXTargetDependency section */

/* Begin XCBuildConfiguration section */
		D29908B926982B4600A54326 /* Debug */ = {
			isa = XCBuildConfiguration;
			buildSettings = {
				ALWAYS_SEARCH_USER_PATHS = NO;
				CLANG_ANALYZER_NONNULL = YES;
				CLANG_ANALYZER_NUMBER_OBJECT_CONVERSION = YES_AGGRESSIVE;
				CLANG_CXX_LANGUAGE_STANDARD = "gnu++14";
				CLANG_CXX_LIBRARY = "libc++";
				CLANG_ENABLE_MODULES = YES;
				CLANG_ENABLE_OBJC_ARC = YES;
				CLANG_ENABLE_OBJC_WEAK = YES;
				CLANG_WARN_BLOCK_CAPTURE_AUTORELEASING = YES;
				CLANG_WARN_BOOL_CONVERSION = YES;
				CLANG_WARN_COMMA = YES;
				CLANG_WARN_CONSTANT_CONVERSION = YES;
				CLANG_WARN_DEPRECATED_OBJC_IMPLEMENTATIONS = YES;
				CLANG_WARN_DIRECT_OBJC_ISA_USAGE = YES_ERROR;
				CLANG_WARN_DOCUMENTATION_COMMENTS = YES;
				CLANG_WARN_EMPTY_BODY = YES;
				CLANG_WARN_ENUM_CONVERSION = YES;
				CLANG_WARN_INFINITE_RECURSION = YES;
				CLANG_WARN_INT_CONVERSION = YES;
				CLANG_WARN_NON_LITERAL_NULL_CONVERSION = YES;
				CLANG_WARN_OBJC_IMPLICIT_RETAIN_SELF = YES;
				CLANG_WARN_OBJC_LITERAL_CONVERSION = YES;
				CLANG_WARN_OBJC_ROOT_CLASS = YES_ERROR;
				CLANG_WARN_QUOTED_INCLUDE_IN_FRAMEWORK_HEADER = YES;
				CLANG_WARN_RANGE_LOOP_ANALYSIS = YES;
				CLANG_WARN_STRICT_PROTOTYPES = YES;
				CLANG_WARN_SUSPICIOUS_MOVE = YES;
				CLANG_WARN_UNGUARDED_AVAILABILITY = YES_AGGRESSIVE;
				CLANG_WARN_UNREACHABLE_CODE = YES;
				CLANG_WARN__DUPLICATE_METHOD_MATCH = YES;
				COPY_PHASE_STRIP = NO;
				DEBUG_INFORMATION_FORMAT = dwarf;
				ENABLE_STRICT_OBJC_MSGSEND = YES;
				ENABLE_TESTABILITY = YES;
				GCC_C_LANGUAGE_STANDARD = gnu11;
				GCC_DYNAMIC_NO_PIC = NO;
				GCC_NO_COMMON_BLOCKS = YES;
				GCC_OPTIMIZATION_LEVEL = 0;
				GCC_PREPROCESSOR_DEFINITIONS = (
					"DEBUG=1",
					"$(inherited)",
				);
				GCC_WARN_64_TO_32_BIT_CONVERSION = YES;
				GCC_WARN_ABOUT_RETURN_TYPE = YES_ERROR;
				GCC_WARN_UNDECLARED_SELECTOR = YES;
				GCC_WARN_UNINITIALIZED_AUTOS = YES_AGGRESSIVE;
				GCC_WARN_UNUSED_FUNCTION = YES;
				GCC_WARN_UNUSED_VARIABLE = YES;
				MTL_ENABLE_DEBUG_INFO = INCLUDE_SOURCE;
				MTL_FAST_MATH = YES;
				ONLY_ACTIVE_ARCH = YES;
				SWIFT_ACTIVE_COMPILATION_CONDITIONS = DEBUG;
				SWIFT_OPTIMIZATION_LEVEL = "-Onone";
			};
			name = Debug;
		};
		D29908BA26982B4600A54326 /* Release */ = {
			isa = XCBuildConfiguration;
			buildSettings = {
				ALWAYS_SEARCH_USER_PATHS = NO;
				CLANG_ANALYZER_NONNULL = YES;
				CLANG_ANALYZER_NUMBER_OBJECT_CONVERSION = YES_AGGRESSIVE;
				CLANG_CXX_LANGUAGE_STANDARD = "gnu++14";
				CLANG_CXX_LIBRARY = "libc++";
				CLANG_ENABLE_MODULES = YES;
				CLANG_ENABLE_OBJC_ARC = YES;
				CLANG_ENABLE_OBJC_WEAK = YES;
				CLANG_WARN_BLOCK_CAPTURE_AUTORELEASING = YES;
				CLANG_WARN_BOOL_CONVERSION = YES;
				CLANG_WARN_COMMA = YES;
				CLANG_WARN_CONSTANT_CONVERSION = YES;
				CLANG_WARN_DEPRECATED_OBJC_IMPLEMENTATIONS = YES;
				CLANG_WARN_DIRECT_OBJC_ISA_USAGE = YES_ERROR;
				CLANG_WARN_DOCUMENTATION_COMMENTS = YES;
				CLANG_WARN_EMPTY_BODY = YES;
				CLANG_WARN_ENUM_CONVERSION = YES;
				CLANG_WARN_INFINITE_RECURSION = YES;
				CLANG_WARN_INT_CONVERSION = YES;
				CLANG_WARN_NON_LITERAL_NULL_CONVERSION = YES;
				CLANG_WARN_OBJC_IMPLICIT_RETAIN_SELF = YES;
				CLANG_WARN_OBJC_LITERAL_CONVERSION = YES;
				CLANG_WARN_OBJC_ROOT_CLASS = YES_ERROR;
				CLANG_WARN_QUOTED_INCLUDE_IN_FRAMEWORK_HEADER = YES;
				CLANG_WARN_RANGE_LOOP_ANALYSIS = YES;
				CLANG_WARN_STRICT_PROTOTYPES = YES;
				CLANG_WARN_SUSPICIOUS_MOVE = YES;
				CLANG_WARN_UNGUARDED_AVAILABILITY = YES_AGGRESSIVE;
				CLANG_WARN_UNREACHABLE_CODE = YES;
				CLANG_WARN__DUPLICATE_METHOD_MATCH = YES;
				COPY_PHASE_STRIP = NO;
				DEBUG_INFORMATION_FORMAT = "dwarf-with-dsym";
				ENABLE_NS_ASSERTIONS = NO;
				ENABLE_STRICT_OBJC_MSGSEND = YES;
				GCC_C_LANGUAGE_STANDARD = gnu11;
				GCC_NO_COMMON_BLOCKS = YES;
				GCC_WARN_64_TO_32_BIT_CONVERSION = YES;
				GCC_WARN_ABOUT_RETURN_TYPE = YES_ERROR;
				GCC_WARN_UNDECLARED_SELECTOR = YES;
				GCC_WARN_UNINITIALIZED_AUTOS = YES_AGGRESSIVE;
				GCC_WARN_UNUSED_FUNCTION = YES;
				GCC_WARN_UNUSED_VARIABLE = YES;
				MTL_ENABLE_DEBUG_INFO = NO;
				MTL_FAST_MATH = YES;
				SWIFT_COMPILATION_MODE = wholemodule;
				SWIFT_OPTIMIZATION_LEVEL = "-O";
			};
			name = Release;
		};
		D29908BC26982B4600A54326 /* Debug */ = {
			isa = XCBuildConfiguration;
			buildSettings = {
				ASSETCATALOG_COMPILER_APPICON_NAME = AppIcon;
				ASSETCATALOG_COMPILER_GLOBAL_ACCENT_COLOR_NAME = AccentColor;
				CODE_SIGN_STYLE = Automatic;
				DEVELOPMENT_TEAM = 29S66K92C9;
				ENABLE_PREVIEWS = YES;
				INFOPLIST_FILE = iOS/Info.plist;
				IPHONEOS_DEPLOYMENT_TARGET = 14.0;
				LD_RUNPATH_SEARCH_PATHS = (
					"$(inherited)",
					"@executable_path/Frameworks",
				);
				PRODUCT_BUNDLE_IDENTIFIER = cn.cliiick.DrinkWaterDemo;
				PRODUCT_NAME = DrinkWaterDemo;
				SDKROOT = iphoneos;
				SWIFT_VERSION = 5.0;
				TARGETED_DEVICE_FAMILY = "1,2";
			};
			name = Debug;
		};
		D29908BD26982B4600A54326 /* Release */ = {
			isa = XCBuildConfiguration;
			buildSettings = {
				ASSETCATALOG_COMPILER_APPICON_NAME = AppIcon;
				ASSETCATALOG_COMPILER_GLOBAL_ACCENT_COLOR_NAME = AccentColor;
				CODE_SIGN_STYLE = Automatic;
				DEVELOPMENT_TEAM = 29S66K92C9;
				ENABLE_PREVIEWS = YES;
				INFOPLIST_FILE = iOS/Info.plist;
				IPHONEOS_DEPLOYMENT_TARGET = 14.0;
				LD_RUNPATH_SEARCH_PATHS = (
					"$(inherited)",
					"@executable_path/Frameworks",
				);
				PRODUCT_BUNDLE_IDENTIFIER = cn.cliiick.DrinkWaterDemo;
				PRODUCT_NAME = DrinkWaterDemo;
				SDKROOT = iphoneos;
				SWIFT_VERSION = 5.0;
				TARGETED_DEVICE_FAMILY = "1,2";
				VALIDATE_PRODUCT = YES;
			};
			name = Release;
		};
		D29908BF26982B4600A54326 /* Debug */ = {
			isa = XCBuildConfiguration;
			buildSettings = {
				ASSETCATALOG_COMPILER_APPICON_NAME = AppIcon;
				ASSETCATALOG_COMPILER_GLOBAL_ACCENT_COLOR_NAME = AccentColor;
				CODE_SIGN_ENTITLEMENTS = macOS/macOS.entitlements;
				CODE_SIGN_STYLE = Automatic;
				COMBINE_HIDPI_IMAGES = YES;
				DEVELOPMENT_TEAM = 29S66K92C9;
				ENABLE_HARDENED_RUNTIME = YES;
				ENABLE_PREVIEWS = YES;
				INFOPLIST_FILE = macOS/Info.plist;
				LD_RUNPATH_SEARCH_PATHS = (
					"$(inherited)",
					"@executable_path/../Frameworks",
				);
				MACOSX_DEPLOYMENT_TARGET = 11.0;
				PRODUCT_BUNDLE_IDENTIFIER = cn.cliiick.DrinkWaterDemo;
				PRODUCT_NAME = DrinkWaterDemo;
				SDKROOT = macosx;
				SWIFT_VERSION = 5.0;
			};
			name = Debug;
		};
		D29908C026982B4600A54326 /* Release */ = {
			isa = XCBuildConfiguration;
			buildSettings = {
				ASSETCATALOG_COMPILER_APPICON_NAME = AppIcon;
				ASSETCATALOG_COMPILER_GLOBAL_ACCENT_COLOR_NAME = AccentColor;
				CODE_SIGN_ENTITLEMENTS = macOS/macOS.entitlements;
				CODE_SIGN_STYLE = Automatic;
				COMBINE_HIDPI_IMAGES = YES;
				DEVELOPMENT_TEAM = 29S66K92C9;
				ENABLE_HARDENED_RUNTIME = YES;
				ENABLE_PREVIEWS = YES;
				INFOPLIST_FILE = macOS/Info.plist;
				LD_RUNPATH_SEARCH_PATHS = (
					"$(inherited)",
					"@executable_path/../Frameworks",
				);
				MACOSX_DEPLOYMENT_TARGET = 11.0;
				PRODUCT_BUNDLE_IDENTIFIER = cn.cliiick.DrinkWaterDemo;
				PRODUCT_NAME = DrinkWaterDemo;
				SDKROOT = macosx;
				SWIFT_VERSION = 5.0;
			};
			name = Release;
		};
		D29908C226982B4600A54326 /* Debug */ = {
			isa = XCBuildConfiguration;
			buildSettings = {
				ALWAYS_EMBED_SWIFT_STANDARD_LIBRARIES = YES;
				CODE_SIGN_STYLE = Automatic;
				DEVELOPMENT_TEAM = 29S66K92C9;
				INFOPLIST_FILE = "Tests iOS/Info.plist";
				IPHONEOS_DEPLOYMENT_TARGET = 14.5;
				LD_RUNPATH_SEARCH_PATHS = (
					"$(inherited)",
					"@executable_path/Frameworks",
					"@loader_path/Frameworks",
				);
				PRODUCT_BUNDLE_IDENTIFIER = "cn.cliiick.Tests-iOS";
				PRODUCT_NAME = "$(TARGET_NAME)";
				SDKROOT = iphoneos;
				SWIFT_VERSION = 5.0;
				TARGETED_DEVICE_FAMILY = "1,2";
				TEST_TARGET_NAME = "DrinkWaterDemo (iOS)";
			};
			name = Debug;
		};
		D29908C326982B4600A54326 /* Release */ = {
			isa = XCBuildConfiguration;
			buildSettings = {
				ALWAYS_EMBED_SWIFT_STANDARD_LIBRARIES = YES;
				CODE_SIGN_STYLE = Automatic;
				DEVELOPMENT_TEAM = 29S66K92C9;
				INFOPLIST_FILE = "Tests iOS/Info.plist";
				IPHONEOS_DEPLOYMENT_TARGET = 14.5;
				LD_RUNPATH_SEARCH_PATHS = (
					"$(inherited)",
					"@executable_path/Frameworks",
					"@loader_path/Frameworks",
				);
				PRODUCT_BUNDLE_IDENTIFIER = "cn.cliiick.Tests-iOS";
				PRODUCT_NAME = "$(TARGET_NAME)";
				SDKROOT = iphoneos;
				SWIFT_VERSION = 5.0;
				TARGETED_DEVICE_FAMILY = "1,2";
				TEST_TARGET_NAME = "DrinkWaterDemo (iOS)";
				VALIDATE_PRODUCT = YES;
			};
			name = Release;
		};
		D29908C526982B4600A54326 /* Debug */ = {
			isa = XCBuildConfiguration;
			buildSettings = {
				ALWAYS_EMBED_SWIFT_STANDARD_LIBRARIES = YES;
				CODE_SIGN_STYLE = Automatic;
				COMBINE_HIDPI_IMAGES = YES;
				DEVELOPMENT_TEAM = 29S66K92C9;
				INFOPLIST_FILE = "Tests macOS/Info.plist";
				LD_RUNPATH_SEARCH_PATHS = (
					"$(inherited)",
					"@executable_path/../Frameworks",
					"@loader_path/../Frameworks",
				);
				MACOSX_DEPLOYMENT_TARGET = 11.3;
				PRODUCT_BUNDLE_IDENTIFIER = "cn.cliiick.Tests-macOS";
				PRODUCT_NAME = "$(TARGET_NAME)";
				SDKROOT = macosx;
				SWIFT_VERSION = 5.0;
				TEST_TARGET_NAME = "DrinkWaterDemo (macOS)";
			};
			name = Debug;
		};
		D29908C626982B4600A54326 /* Release */ = {
			isa = XCBuildConfiguration;
			buildSettings = {
				ALWAYS_EMBED_SWIFT_STANDARD_LIBRARIES = YES;
				CODE_SIGN_STYLE = Automatic;
				COMBINE_HIDPI_IMAGES = YES;
				DEVELOPMENT_TEAM = 29S66K92C9;
				INFOPLIST_FILE = "Tests macOS/Info.plist";
				LD_RUNPATH_SEARCH_PATHS = (
					"$(inherited)",
					"@executable_path/../Frameworks",
					"@loader_path/../Frameworks",
				);
				MACOSX_DEPLOYMENT_TARGET = 11.3;
				PRODUCT_BUNDLE_IDENTIFIER = "cn.cliiick.Tests-macOS";
				PRODUCT_NAME = "$(TARGET_NAME)";
				SDKROOT = macosx;
				SWIFT_VERSION = 5.0;
				TEST_TARGET_NAME = "DrinkWaterDemo (macOS)";
			};
			name = Release;
		};
/* End XCBuildConfiguration section */

/* Begin XCConfigurationList section */
		D299088826982B4500A54326 /* Build configuration list for PBXProject "DrinkWaterDemo" */ = {
			isa = XCConfigurationList;
			buildConfigurations = (
				D29908B926982B4600A54326 /* Debug */,
				D29908BA26982B4600A54326 /* Release */,
			);
			defaultConfigurationIsVisible = 0;
			defaultConfigurationName = Release;
		};
		D29908BB26982B4600A54326 /* Build configuration list for PBXNativeTarget "DrinkWaterDemo (iOS)" */ = {
			isa = XCConfigurationList;
			buildConfigurations = (
				D29908BC26982B4600A54326 /* Debug */,
				D29908BD26982B4600A54326 /* Release */,
			);
			defaultConfigurationIsVisible = 0;
			defaultConfigurationName = Release;
		};
		D29908BE26982B4600A54326 /* Build configuration list for PBXNativeTarget "DrinkWaterDemo (macOS)" */ = {
			isa = XCConfigurationList;
			buildConfigurations = (
				D29908BF26982B4600A54326 /* Debug */,
				D29908C026982B4600A54326 /* Release */,
			);
			defaultConfigurationIsVisible = 0;
			defaultConfigurationName = Release;
		};
		D29908C126982B4600A54326 /* Build configuration list for PBXNativeTarget "Tests iOS" */ = {
			isa = XCConfigurationList;
			buildConfigurations = (
				D29908C226982B4600A54326 /* Debug */,
				D29908C326982B4600A54326 /* Release */,
			);
			defaultConfigurationIsVisible = 0;
			defaultConfigurationName = Release;
		};
		D29908C426982B4600A54326 /* Build configuration list for PBXNativeTarget "Tests macOS" */ = {
			isa = XCConfigurationList;
			buildConfigurations = (
				D29908C526982B4600A54326 /* Debug */,
				D29908C626982B4600A54326 /* Release */,
			);
			defaultConfigurationIsVisible = 0;
			defaultConfigurationName = Release;
		};
/* End XCConfigurationList section */
	};
	rootObject = D299088526982B4500A54326 /* Project object */;
}
